
Microsoft Visual Studio Solution File, Format Version 12.00
# Visual Studio Version 17
VisualStudioVersion = 17.11.35312.102
MinimumVisualStudioVersion = 10.0.40219.1
Project("{FAE04EC0-301F-11D3-BF4B-00C04F79EFBC}") = "APP2024P4", "APP2024P4\APP2024P4.csproj", "{20982B20-22B9-4AA8-88ED-BA0BF4D9C8DE}"
EndProject
Global
	GlobalSection(SolutionConfigurationPlatforms) = preSolution
		Debug|Any CPU = Debug|Any CPU
		Release|Any CPU = Release|Any CPU
	EndGlobalSection
	GlobalSection(ProjectConfigurationPlatforms) = postSolution
		{20982B20-22B9-4AA8-88ED-BA0BF4D9C8DE}.Debug|Any CPU.ActiveCfg = Debug|Any CPU
		{20982B20-22B9-4AA8-88ED-BA0BF4D9C8DE}.Debug|Any CPU.Build.0 = Debug|Any CPU
		{20982B20-22B9-4AA8-88ED-BA0BF4D9C8DE}.Release|Any CPU.ActiveCfg = Release|Any CPU
		{20982B20-22B9-4AA8-88ED-BA0BF4D9C8DE}.Release|Any CPU.Build.0 = Release|Any CPU
	EndGlobalSection
	GlobalSection(SolutionProperties) = preSolution
		HideSolutionNode = FALSE
	EndGlobalSection
	GlobalSection(ExtensibilityGlobals) = postSolution
		SolutionGuid = {77E3B396-D2B7-4888-B0F5-6FA606B13987}
	EndGlobalSection
EndGlobal
